
Microsoft Visual Studio Solution File, Format Version 12.00
# Visual Studio Version 16
VisualStudioVersion = 16.0.29728.190
MinimumVisualStudioVersion = 10.0.40219.1
Project("{888888A0-9F3D-457C-B088-3A5042F75D52}") = "PaperImplementations", "PaperImplementations.pyproj", "{9907C9CC-8F11-4D11-9DC9-A2BD71D9F51A}"
EndProject
Global
	GlobalSection(SolutionConfigurationPlatforms) = preSolution
		Debug|Any CPU = Debug|Any CPU
		Release|Any CPU = Release|Any CPU
	EndGlobalSection
	GlobalSection(ProjectConfigurationPlatforms) = postSolution
		{9907C9CC-8F11-4D11-9DC9-A2BD71D9F51A}.Debug|Any CPU.ActiveCfg = Debug|Any CPU
		{9907C9CC-8F11-4D11-9DC9-A2BD71D9F51A}.Release|Any CPU.ActiveCfg = Release|Any CPU
	EndGlobalSection
	GlobalSection(SolutionProperties) = preSolution
		HideSolutionNode = FALSE
	EndGlobalSection
	GlobalSection(ExtensibilityGlobals) = postSolution
		SolutionGuid = {ED748593-5976-45BE-A089-7B346C941617}
	EndGlobalSection
EndGlobal
